
Microsoft Visual Studio Solution File, Format Version 12.00
# Visual Studio Version 17
VisualStudioVersion = 17.3.32929.385
MinimumVisualStudioVersion = 10.0.40219.1
Project("{FAE04EC0-301F-11D3-BF4B-00C04F79EFBC}") = "szamlak1121", "szamlak1121\szamlak1121.csproj", "{02D777F5-B572-4ED6-8159-581861E5BC9B}"
EndProject
Global
	GlobalSection(SolutionConfigurationPlatforms) = preSolution
		Debug|Any CPU = Debug|Any CPU
		Release|Any CPU = Release|Any CPU
	EndGlobalSection
	GlobalSection(ProjectConfigurationPlatforms) = postSolution
		{02D777F5-B572-4ED6-8159-581861E5BC9B}.Debug|Any CPU.ActiveCfg = Debug|Any CPU
		{02D777F5-B572-4ED6-8159-581861E5BC9B}.Debug|Any CPU.Build.0 = Debug|Any CPU
		{02D777F5-B572-4ED6-8159-581861E5BC9B}.Release|Any CPU.ActiveCfg = Release|Any CPU
		{02D777F5-B572-4ED6-8159-581861E5BC9B}.Release|Any CPU.Build.0 = Release|Any CPU
	EndGlobalSection
	GlobalSection(SolutionProperties) = preSolution
		HideSolutionNode = FALSE
	EndGlobalSection
	GlobalSection(ExtensibilityGlobals) = postSolution
		SolutionGuid = {5A6A355E-A703-4002-8BD7-FAAD5DB4FD43}
	EndGlobalSection
EndGlobal
